# This file is autogenerated, do not edit; changes may be undone by the next 'dep ensure'.


[[projects]]
  branch = "master"
  name = "github.com/akamensky/argparse"
  packages = ["."]
  revision = "99676ba18cd5c0c3b331a13801ccd2b5c16a9259"

[solve-meta]
  analyzer-name = "dep"
  analyzer-version = 1
  inputs-digest = "dc6a8b0b3441c17970a928d28aa63d768c2aefbc5ff48bdd9574af9a237ca12e"
  solver-name = "gps-cdcl"
  solver-version = 1
